
Microsoft Visual Studio Solution File, Format Version 12.00
# Visual Studio Version 16
VisualStudioVersion = 16.0.30523.141
MinimumVisualStudioVersion = 10.0.40219.1
Project("{FAE04EC0-301F-11D3-BF4B-00C04F79EFBC}") = "Array Total", "Array Total.csproj", "{52F9D0F8-7682-4535-95C2-E97412283059}"
EndProject
Global
	GlobalSection(SolutionConfigurationPlatforms) = preSolution
		Debug|Any CPU = Debug|Any CPU
		Release|Any CPU = Release|Any CPU
	EndGlobalSection
	GlobalSection(ProjectConfigurationPlatforms) = postSolution
		{52F9D0F8-7682-4535-95C2-E97412283059}.Debug|Any CPU.ActiveCfg = Debug|Any CPU
		{52F9D0F8-7682-4535-95C2-E97412283059}.Debug|Any CPU.Build.0 = Debug|Any CPU
		{52F9D0F8-7682-4535-95C2-E97412283059}.Release|Any CPU.ActiveCfg = Release|Any CPU
		{52F9D0F8-7682-4535-95C2-E97412283059}.Release|Any CPU.Build.0 = Release|Any CPU
	EndGlobalSection
	GlobalSection(SolutionProperties) = preSolution
		HideSolutionNode = FALSE
	EndGlobalSection
	GlobalSection(ExtensibilityGlobals) = postSolution
		SolutionGuid = {130FA6FB-A997-4721-B42C-CC189CF853DA}
	EndGlobalSection
EndGlobal
